
Microsoft Visual Studio Solution File, Format Version 12.00
# Visual Studio Version 17
VisualStudioVersion = 17.12.35527.113
MinimumVisualStudioVersion = 10.0.40219.1
Project("{FAE04EC0-301F-11D3-BF4B-00C04F79EFBC}") = "Blogg.API", "Blogg.API.csproj", "{E84890B1-631F-4402-884C-F50E6DC79D0A}"
EndProject
Project("{FAE04EC0-301F-11D3-BF4B-00C04F79EFBC}") = "Blogg.Core", "..\Blogg.Core\Blogg.Core.csproj", "{3A8A5067-E086-4E7B-BD92-7DE2DF63A2BF}"
EndProject
Project("{FAE04EC0-301F-11D3-BF4B-00C04F79EFBC}") = "Blogg.DAL", "..\Blogg.DAL\Blogg.DAL.csproj", "{9D46CE08-A0FC-4092-B4CF-DBFF29E7F662}"
EndProject
Project("{FAE04EC0-301F-11D3-BF4B-00C04F79EFBC}") = "Blogg.BL", "..\Blogg.BL\Blogg.BL.csproj", "{5C9DF8DA-1247-4ECE-BF13-9F6D02AEAB94}"
EndProject
Global
	GlobalSection(SolutionConfigurationPlatforms) = preSolution
		Debug|Any CPU = Debug|Any CPU
		Release|Any CPU = Release|Any CPU
	EndGlobalSection
	GlobalSection(ProjectConfigurationPlatforms) = postSolution
		{E84890B1-631F-4402-884C-F50E6DC79D0A}.Debug|Any CPU.ActiveCfg = Debug|Any CPU
		{E84890B1-631F-4402-884C-F50E6DC79D0A}.Debug|Any CPU.Build.0 = Debug|Any CPU
		{E84890B1-631F-4402-884C-F50E6DC79D0A}.Release|Any CPU.ActiveCfg = Release|Any CPU
		{E84890B1-631F-4402-884C-F50E6DC79D0A}.Release|Any CPU.Build.0 = Release|Any CPU
		{3A8A5067-E086-4E7B-BD92-7DE2DF63A2BF}.Debug|Any CPU.ActiveCfg = Debug|Any CPU
		{3A8A5067-E086-4E7B-BD92-7DE2DF63A2BF}.Debug|Any CPU.Build.0 = Debug|Any CPU
		{3A8A5067-E086-4E7B-BD92-7DE2DF63A2BF}.Release|Any CPU.ActiveCfg = Release|Any CPU
		{3A8A5067-E086-4E7B-BD92-7DE2DF63A2BF}.Release|Any CPU.Build.0 = Release|Any CPU
		{9D46CE08-A0FC-4092-B4CF-DBFF29E7F662}.Debug|Any CPU.ActiveCfg = Debug|Any CPU
		{9D46CE08-A0FC-4092-B4CF-DBFF29E7F662}.Debug|Any CPU.Build.0 = Debug|Any CPU
		{9D46CE08-A0FC-4092-B4CF-DBFF29E7F662}.Release|Any CPU.ActiveCfg = Release|Any CPU
		{9D46CE08-A0FC-4092-B4CF-DBFF29E7F662}.Release|Any CPU.Build.0 = Release|Any CPU
		{5C9DF8DA-1247-4ECE-BF13-9F6D02AEAB94}.Debug|Any CPU.ActiveCfg = Debug|Any CPU
		{5C9DF8DA-1247-4ECE-BF13-9F6D02AEAB94}.Debug|Any CPU.Build.0 = Debug|Any CPU
		{5C9DF8DA-1247-4ECE-BF13-9F6D02AEAB94}.Release|Any CPU.ActiveCfg = Release|Any CPU
		{5C9DF8DA-1247-4ECE-BF13-9F6D02AEAB94}.Release|Any CPU.Build.0 = Release|Any CPU
	EndGlobalSection
	GlobalSection(SolutionProperties) = preSolution
		HideSolutionNode = FALSE
	EndGlobalSection
EndGlobal
